
Microsoft Visual Studio Solution File, Format Version 12.00
Project("{FAE04EC0-301F-11D3-BF4B-00C04F79EFBC}") = "apnea", "apnea\apnea.csproj", "{7CD69BB7-0426-48C9-886B-38831C283ABC}"
EndProject
Global
	GlobalSection(SolutionConfigurationPlatforms) = preSolution
		Debug|Any CPU = Debug|Any CPU
		Release|Any CPU = Release|Any CPU
	EndGlobalSection
	GlobalSection(ProjectConfigurationPlatforms) = postSolution
		{7CD69BB7-0426-48C9-886B-38831C283ABC}.Debug|Any CPU.ActiveCfg = Debug|Any CPU
		{7CD69BB7-0426-48C9-886B-38831C283ABC}.Debug|Any CPU.Build.0 = Debug|Any CPU
		{7CD69BB7-0426-48C9-886B-38831C283ABC}.Release|Any CPU.ActiveCfg = Release|Any CPU
		{7CD69BB7-0426-48C9-886B-38831C283ABC}.Release|Any CPU.Build.0 = Release|Any CPU
	EndGlobalSection
EndGlobal
